{
  "object": {
    "pins": [
      {
        "package": "Alamofire",
        "repositoryURL": "https://github.com/Alamofire/Alamofire.git",
        "state": {
          "branch": null,
          "revision": "eaf6e622dd41b07b251d8f01752eab31bc811493",
          "version": "5.4.1"
        }
      },
      {
        "package": "BatteryView",
        "repositoryURL": "https://github.com/yonat/BatteryView",
        "state": {
          "branch": null,
          "revision": "538d5cc95972524a6f92da7a1e23fb3abcf928b7",
          "version": "1.3.9"
        }
      },
      {
        "package": "SDWebImage",
        "repositoryURL": "https://github.com/SDWebImage/SDWebImage.git",
        "state": {
          "branch": null,
          "revision": "564d238f8814c4a82502336fd80b28a9d321ff47",
          "version": "5.10.2"
        }
      },
      {
        "package": "SideMenu",
        "repositoryURL": "https://github.com/kukushi/SideMenu",
        "state": {
          "branch": null,
          "revision": "33932e6a42e259d5cf3dd98089090e447fdf780a",
          "version": "2.0.7"
        }
      },
      {
        "package": "SwiftyJSON",
        "repositoryURL": "https://github.com/SwiftyJSON/SwiftyJSON.git",
        "state": {
          "branch": null,
          "revision": "2b6054efa051565954e1d2b9da831680026cd768",
          "version": "5.0.0"
        }
      },
      {
        "package": "SWXMLHash",
        "repositoryURL": "https://github.com/drmohundro/SWXMLHash",
        "state": {
          "branch": null,
          "revision": "a4931e5c3bafbedeb1601d3bb76bbe835c6d475a",
          "version": "5.0.1"
        }
      }
    ]
  },
  "version": 1
}
